// !$*UTF8*$!
{
	archiveVersion = 1;
	classes = {
	};
	objectVersion = 50;
	objects = {

/* Begin PBXBuildFile section */
		16FCB0AA2486B0F6008C0C0B /* main.swift in Sources */ = {isa = PBXBuildFile; fileRef = 16FCB0A92486B0F6008C0C0B /* main.swift */; };
		DFA125BBE7FCC14E96393733 /* Pods_FlightAtlasCollector.framework in Frameworks */ = {isa = PBXBuildFile; fileRef = E41F5DFC25207D93B45C8962 /* Pods_FlightAtlasCollector.framework */; };
/* End PBXBuildFile section */

/* Begin PBXCopyFilesBuildPhase section */
		16FCB0A42486B0F6008C0C0B /* CopyFiles */ = {
			isa = PBXCopyFilesBuildPhase;
			buildActionMask = 2147483647;
			dstPath = /usr/share/man/man1/;
			dstSubfolderSpec = 0;
			files = (
			);
			runOnlyForDeploymentPostprocessing = 1;
		};
/* End PBXCopyFilesBuildPhase section */

/* Begin PBXFileReference section */
		16FCB0A62486B0F6008C0C0B /* FlightAtlasCollector */ = {isa = PBXFileReference; explicitFileType = "compiled.mach-o.executable"; includeInIndex = 0; path = FlightAtlasCollector; sourceTree = BUILT_PRODUCTS_DIR; };
		16FCB0A92486B0F6008C0C0B /* main.swift */ = {isa = PBXFileReference; lastKnownFileType = sourcecode.swift; path = main.swift; sourceTree = "<group>"; };
		446B991CF85BFE523BF1BB24 /* Pods-FlightAtlasCollector.debug.xcconfig */ = {isa = PBXFileReference; includeInIndex = 1; lastKnownFileType = text.xcconfig; name = "Pods-FlightAtlasCollector.debug.xcconfig"; path = "Target Support Files/Pods-FlightAtlasCollector/Pods-FlightAtlasCollector.debug.xcconfig"; sourceTree = "<group>"; };
		BE57AFFB39876A0CD21A9716 /* Pods-FlightAtlasCollector.release.xcconfig */ = {isa = PBXFileReference; includeInIndex = 1; lastKnownFileType = text.xcconfig; name = "Pods-FlightAtlasCollector.release.xcconfig"; path = "Target Support Files/Pods-FlightAtlasCollector/Pods-FlightAtlasCollector.release.xcconfig"; sourceTree = "<group>"; };
		E41F5DFC25207D93B45C8962 /* Pods_FlightAtlasCollector.framework */ = {isa = PBXFileReference; explicitFileType = wrapper.framework; includeInIndex = 0; path = Pods_FlightAtlasCollector.framework; sourceTree = BUILT_PRODUCTS_DIR; };
/* End PBXFileReference section */

/* Begin PBXFrameworksBuildPhase section */
		16FCB0A32486B0F6008C0C0B /* Frameworks */ = {
			isa = PBXFrameworksBuildPhase;
			buildActionMask = 2147483647;
			files = (
				DFA125BBE7FCC14E96393733 /* Pods_FlightAtlasCollector.framework in Frameworks */,
			);
			runOnlyForDeploymentPostprocessing = 0;
		};
/* End PBXFrameworksBuildPhase section */

/* Begin PBXGroup section */
		16FCB09D2486B0F6008C0C0B = {
			isa = PBXGroup;
			children = (
				16FCB0A82486B0F6008C0C0B /* FlightAtlasCollector */,
				16FCB0A72486B0F6008C0C0B /* Products */,
				BE34B1DCDAA8E12CDDCD688A /* Pods */,
				691C928D23542646954E672E /* Frameworks */,
			);
			sourceTree = "<group>";
			usesTabs = 1;
		};
		16FCB0A72486B0F6008C0C0B /* Products */ = {
			isa = PBXGroup;
			children = (
				16FCB0A62486B0F6008C0C0B /* FlightAtlasCollector */,
			);
			name = Products;
			sourceTree = "<group>";
		};
		16FCB0A82486B0F6008C0C0B /* FlightAtlasCollector */ = {
			isa = PBXGroup;
			children = (
				16FCB0A92486B0F6008C0C0B /* main.swift */,
			);
			path = FlightAtlasCollector;
			sourceTree = "<group>";
		};
		691C928D23542646954E672E /* Frameworks */ = {
			isa = PBXGroup;
			children = (
				E41F5DFC25207D93B45C8962 /* Pods_FlightAtlasCollector.framework */,
			);
			name = Frameworks;
			sourceTree = "<group>";
		};
		BE34B1DCDAA8E12CDDCD688A /* Pods */ = {
			isa = PBXGroup;
			children = (
				446B991CF85BFE523BF1BB24 /* Pods-FlightAtlasCollector.debug.xcconfig */,
				BE57AFFB39876A0CD21A9716 /* Pods-FlightAtlasCollector.release.xcconfig */,
			);
			path = Pods;
			sourceTree = "<group>";
		};
/* End PBXGroup section */

/* Begin PBXNativeTarget section */
		16FCB0A52486B0F6008C0C0B /* FlightAtlasCollector */ = {
			isa = PBXNativeTarget;
			buildConfigurationList = 16FCB0AD2486B0F6008C0C0B /* Build configuration list for PBXNativeTarget "FlightAtlasCollector" */;
			buildPhases = (
				C965FC5B22AB43179B8C8BA8 /* [CP] Check Pods Manifest.lock */,
				16FCB0A22486B0F6008C0C0B /* Sources */,
				16FCB0A32486B0F6008C0C0B /* Frameworks */,
				16FCB0A42486B0F6008C0C0B /* CopyFiles */,
			);
			buildRules = (
			);
			dependencies = (
			);
			name = FlightAtlasCollector;
			productName = FlightAtlasCollector;
			productReference = 16FCB0A62486B0F6008C0C0B /* FlightAtlasCollector */;
			productType = "com.apple.product-type.tool";
		};
/* End PBXNativeTarget section */

/* Begin PBXProject section */
		16FCB09E2486B0F6008C0C0B /* Project object */ = {
			isa = PBXProject;
			attributes = {
				LastSwiftUpdateCheck = 1020;
				LastUpgradeCheck = 1020;
				ORGANIZATIONNAME = "Jacob Hausmann";
				TargetAttributes = {
					16FCB0A52486B0F6008C0C0B = {
						CreatedOnToolsVersion = 10.2;
					};
				};
			};
			buildConfigurationList = 16FCB0A12486B0F6008C0C0B /* Build configuration list for PBXProject "FlightAtlasCollector" */;
			compatibilityVersion = "Xcode 9.3";
			developmentRegion = en;
			hasScannedForEncodings = 0;
			knownRegions = (
				en,
			);
			mainGroup = 16FCB09D2486B0F6008C0C0B;
			productRefGroup = 16FCB0A72486B0F6008C0C0B /* Products */;
			projectDirPath = "";
			projectRoot = "";
			targets = (
				16FCB0A52486B0F6008C0C0B /* FlightAtlasCollector */,
			);
		};
/* End PBXProject section */

/* Begin PBXShellScriptBuildPhase section */
		C965FC5B22AB43179B8C8BA8 /* [CP] Check Pods Manifest.lock */ = {
			isa = PBXShellScriptBuildPhase;
			buildActionMask = 2147483647;
			files = (
			);
			inputFileListPaths = (
			);
			inputPaths = (
				"${PODS_PODFILE_DIR_PATH}/Podfile.lock",
				"${PODS_ROOT}/Manifest.lock",
			);
			name = "[CP] Check Pods Manifest.lock";
			outputFileListPaths = (
			);
			outputPaths = (
				"$(DERIVED_FILE_DIR)/Pods-FlightAtlasCollector-checkManifestLockResult.txt",
			);
			runOnlyForDeploymentPostprocessing = 0;
			shellPath = /bin/sh;
			shellScript = "diff \"${PODS_PODFILE_DIR_PATH}/Podfile.lock\" \"${PODS_ROOT}/Manifest.lock\" > /dev/null\nif [ $? != 0 ] ; then\n    # print error to STDERR\n    echo \"error: The sandbox is not in sync with the Podfile.lock. Run 'pod install' or update your CocoaPods installation.\" >&2\n    exit 1\nfi\n# This output is used by Xcode 'outputs' to avoid re-running this script phase.\necho \"SUCCESS\" > \"${SCRIPT_OUTPUT_FILE_0}\"\n";
			showEnvVarsInLog = 0;
		};
/* End PBXShellScriptBuildPhase section */

/* Begin PBXSourcesBuildPhase section */
		16FCB0A22486B0F6008C0C0B /* Sources */ = {
			isa = PBXSourcesBuildPhase;
			buildActionMask = 2147483647;
			files = (
				16FCB0AA2486B0F6008C0C0B /* main.swift in Sources */,
			);
			runOnlyForDeploymentPostprocessing = 0;
		};
/* End PBXSourcesBuildPhase section */

/* Begin XCBuildConfiguration section */
		16FCB0AB2486B0F6008C0C0B /* Debug */ = {
			isa = XCBuildConfiguration;
			buildSettings = {
				ALWAYS_SEARCH_USER_PATHS = NO;
				CLANG_ANALYZER_NONNULL = YES;
				CLANG_ANALYZER_NUMBER_OBJECT_CONVERSION = YES_AGGRESSIVE;
				CLANG_CXX_LANGUAGE_STANDARD = "gnu++14";
				CLANG_CXX_LIBRARY = "libc++";
				CLANG_ENABLE_MODULES = YES;
				CLANG_ENABLE_OBJC_ARC = YES;
				CLANG_ENABLE_OBJC_WEAK = YES;
				CLANG_WARN_BLOCK_CAPTURE_AUTORELEASING = YES;
				CLANG_WARN_BOOL_CONVERSION = YES;
				CLANG_WARN_COMMA = YES;
				CLANG_WARN_CONSTANT_CONVERSION = YES;
				CLANG_WARN_DEPRECATED_OBJC_IMPLEMENTATIONS = YES;
				CLANG_WARN_DIRECT_OBJC_ISA_USAGE = YES_ERROR;
				CLANG_WARN_DOCUMENTATION_COMMENTS = YES;
				CLANG_WARN_EMPTY_BODY = YES;
				CLANG_WARN_ENUM_CONVERSION = YES;
				CLANG_WARN_INFINITE_RECURSION = YES;
				CLANG_WARN_INT_CONVERSION = YES;
				CLANG_WARN_NON_LITERAL_NULL_CONVERSION = YES;
				CLANG_WARN_OBJC_IMPLICIT_RETAIN_SELF = YES;
				CLANG_WARN_OBJC_LITERAL_CONVERSION = YES;
				CLANG_WARN_OBJC_ROOT_CLASS = YES_ERROR;
				CLANG_WARN_RANGE_LOOP_ANALYSIS = YES;
				CLANG_WARN_STRICT_PROTOTYPES = YES;
				CLANG_WARN_SUSPICIOUS_MOVE = YES;
				CLANG_WARN_UNGUARDED_AVAILABILITY = YES_AGGRESSIVE;
				CLANG_WARN_UNREACHABLE_CODE = YES;
				CLANG_WARN__DUPLICATE_METHOD_MATCH = YES;
				CODE_SIGN_IDENTITY = "Mac Developer";
				COPY_PHASE_STRIP = NO;
				DEBUG_INFORMATION_FORMAT = dwarf;
				ENABLE_STRICT_OBJC_MSGSEND = YES;
				ENABLE_TESTABILITY = YES;
				GCC_C_LANGUAGE_STANDARD = gnu11;
				GCC_DYNAMIC_NO_PIC = NO;
				GCC_NO_COMMON_BLOCKS = YES;
				GCC_OPTIMIZATION_LEVEL = 0;
				GCC_PREPROCESSOR_DEFINITIONS = (
					"DEBUG=1",
					"$(inherited)",
				);
				GCC_WARN_64_TO_32_BIT_CONVERSION = YES;
				GCC_WARN_ABOUT_RETURN_TYPE = YES_ERROR;
				GCC_WARN_UNDECLARED_SELECTOR = YES;
				GCC_WARN_UNINITIALIZED_AUTOS = YES_AGGRESSIVE;
				GCC_WARN_UNUSED_FUNCTION = YES;
				GCC_WARN_UNUSED_VARIABLE = YES;
				MACOSX_DEPLOYMENT_TARGET = 10.14;
				MTL_ENABLE_DEBUG_INFO = INCLUDE_SOURCE;
				MTL_FAST_MATH = YES;
				ONLY_ACTIVE_ARCH = YES;
				SDKROOT = macosx;
				SWIFT_ACTIVE_COMPILATION_CONDITIONS = DEBUG;
				SWIFT_OPTIMIZATION_LEVEL = "-Onone";
			};
			name = Debug;
		};
		16FCB0AC2486B0F6008C0C0B /* Release */ = {
			isa = XCBuildConfiguration;
			buildSettings = {
				ALWAYS_SEARCH_USER_PATHS = NO;
				CLANG_ANALYZER_NONNULL = YES;
				CLANG_ANALYZER_NUMBER_OBJECT_CONVERSION = YES_AGGRESSIVE;
				CLANG_CXX_LANGUAGE_STANDARD = "gnu++14";
				CLANG_CXX_LIBRARY = "libc++";
				CLANG_ENABLE_MODULES = YES;
				CLANG_ENABLE_OBJC_ARC = YES;
				CLANG_ENABLE_OBJC_WEAK = YES;
				CLANG_WARN_BLOCK_CAPTURE_AUTORELEASING = YES;
				CLANG_WARN_BOOL_CONVERSION = YES;
				CLANG_WARN_COMMA = YES;
				CLANG_WARN_CONSTANT_CONVERSION = YES;
				CLANG_WARN_DEPRECATED_OBJC_IMPLEMENTATIONS = YES;
				CLANG_WARN_DIRECT_OBJC_ISA_USAGE = YES_ERROR;
				CLANG_WARN_DOCUMENTATION_COMMENTS = YES;
				CLANG_WARN_EMPTY_BODY = YES;
				CLANG_WARN_ENUM_CONVERSION = YES;
				CLANG_WARN_INFINITE_RECURSION = YES;
				CLANG_WARN_INT_CONVERSION = YES;
				CLANG_WARN_NON_LITERAL_NULL_CONVERSION = YES;
				CLANG_WARN_OBJC_IMPLICIT_RETAIN_SELF = YES;
				CLANG_WARN_OBJC_LITERAL_CONVERSION = YES;
				CLANG_WARN_OBJC_ROOT_CLASS = YES_ERROR;
				CLANG_WARN_RANGE_LOOP_ANALYSIS = YES;
				CLANG_WARN_STRICT_PROTOTYPES = YES;
				CLANG_WARN_SUSPICIOUS_MOVE = YES;
				CLANG_WARN_UNGUARDED_AVAILABILITY = YES_AGGRESSIVE;
				CLANG_WARN_UNREACHABLE_CODE = YES;
				CLANG_WARN__DUPLICATE_METHOD_MATCH = YES;
				CODE_SIGN_IDENTITY = "Mac Developer";
				COPY_PHASE_STRIP = NO;
				DEBUG_INFORMATION_FORMAT = "dwarf-with-dsym";
				ENABLE_NS_ASSERTIONS = NO;
				ENABLE_STRICT_OBJC_MSGSEND = YES;
				GCC_C_LANGUAGE_STANDARD = gnu11;
				GCC_NO_COMMON_BLOCKS = YES;
				GCC_WARN_64_TO_32_BIT_CONVERSION = YES;
				GCC_WARN_ABOUT_RETURN_TYPE = YES_ERROR;
				GCC_WARN_UNDECLARED_SELECTOR = YES;
				GCC_WARN_UNINITIALIZED_AUTOS = YES_AGGRESSIVE;
				GCC_WARN_UNUSED_FUNCTION = YES;
				GCC_WARN_UNUSED_VARIABLE = YES;
				MACOSX_DEPLOYMENT_TARGET = 10.14;
				MTL_ENABLE_DEBUG_INFO = NO;
				MTL_FAST_MATH = YES;
				SDKROOT = macosx;
				SWIFT_COMPILATION_MODE = wholemodule;
				SWIFT_OPTIMIZATION_LEVEL = "-O";
			};
			name = Release;
		};
		16FCB0AE2486B0F6008C0C0B /* Debug */ = {
			isa = XCBuildConfiguration;
			baseConfigurationReference = 446B991CF85BFE523BF1BB24 /* Pods-FlightAtlasCollector.debug.xcconfig */;
			buildSettings = {
				CODE_SIGN_STYLE = Automatic;
				DEVELOPMENT_TEAM = XL7GDMK5QJ;
				PRODUCT_NAME = "$(TARGET_NAME)";
				SWIFT_VERSION = 5.0;
			};
			name = Debug;
		};
		16FCB0AF2486B0F6008C0C0B /* Release */ = {
			isa = XCBuildConfiguration;
			baseConfigurationReference = BE57AFFB39876A0CD21A9716 /* Pods-FlightAtlasCollector.release.xcconfig */;
			buildSettings = {
				CODE_SIGN_STYLE = Automatic;
				DEVELOPMENT_TEAM = XL7GDMK5QJ;
				PRODUCT_NAME = "$(TARGET_NAME)";
				SWIFT_VERSION = 5.0;
			};
			name = Release;
		};
/* End XCBuildConfiguration section */

/* Begin XCConfigurationList section */
		16FCB0A12486B0F6008C0C0B /* Build configuration list for PBXProject "FlightAtlasCollector" */ = {
			isa = XCConfigurationList;
			buildConfigurations = (
				16FCB0AB2486B0F6008C0C0B /* Debug */,
				16FCB0AC2486B0F6008C0C0B /* Release */,
			);
			defaultConfigurationIsVisible = 0;
			defaultConfigurationName = Release;
		};
		16FCB0AD2486B0F6008C0C0B /* Build configuration list for PBXNativeTarget "FlightAtlasCollector" */ = {
			isa = XCConfigurationList;
			buildConfigurations = (
				16FCB0AE2486B0F6008C0C0B /* Debug */,
				16FCB0AF2486B0F6008C0C0B /* Release */,
			);
			defaultConfigurationIsVisible = 0;
			defaultConfigurationName = Release;
		};
/* End XCConfigurationList section */
	};
	rootObject = 16FCB09E2486B0F6008C0C0B /* Project object */;
}
